
Microsoft Visual Studio Solution File, Format Version 12.00
# Visual Studio Version 17
VisualStudioVersion = 17.8.34525.116
MinimumVisualStudioVersion = 10.0.40219.1
Project("{8BC9CEB8-8B4A-11D0-8D11-00A0C91BC942}") = "Lab03_Exercise01", "Lab03_Exercise01\Lab03_Exercise01.vcxproj", "{D16A58E4-D029-4E1D-B166-ADF55611CBAD}"
EndProject
Project("{8BC9CEB8-8B4A-11D0-8D11-00A0C91BC942}") = "Lab03_Exercise02", "Lab03_Exercise02\Lab03_Exercise02.vcxproj", "{A6038148-E044-4FB5-8369-05D5C2A31EFC}"
EndProject
Global
	GlobalSection(SolutionConfigurationPlatforms) = preSolution
		Debug|x64 = Debug|x64
		Debug|x86 = Debug|x86
		Release|x64 = Release|x64
		Release|x86 = Release|x86
	EndGlobalSection
	GlobalSection(ProjectConfigurationPlatforms) = postSolution
		{D16A58E4-D029-4E1D-B166-ADF55611CBAD}.Debug|x64.ActiveCfg = Debug|x64
		{D16A58E4-D029-4E1D-B166-ADF55611CBAD}.Debug|x64.Build.0 = Debug|x64
		{D16A58E4-D029-4E1D-B166-ADF55611CBAD}.Debug|x86.ActiveCfg = Debug|Win32
		{D16A58E4-D029-4E1D-B166-ADF55611CBAD}.Debug|x86.Build.0 = Debug|Win32
		{D16A58E4-D029-4E1D-B166-ADF55611CBAD}.Release|x64.ActiveCfg = Release|x64
		{D16A58E4-D029-4E1D-B166-ADF55611CBAD}.Release|x64.Build.0 = Release|x64
		{D16A58E4-D029-4E1D-B166-ADF55611CBAD}.Release|x86.ActiveCfg = Release|Win32
		{D16A58E4-D029-4E1D-B166-ADF55611CBAD}.Release|x86.Build.0 = Release|Win32
		{A6038148-E044-4FB5-8369-05D5C2A31EFC}.Debug|x64.ActiveCfg = Debug|x64
		{A6038148-E044-4FB5-8369-05D5C2A31EFC}.Debug|x64.Build.0 = Debug|x64
		{A6038148-E044-4FB5-8369-05D5C2A31EFC}.Debug|x86.ActiveCfg = Debug|Win32
		{A6038148-E044-4FB5-8369-05D5C2A31EFC}.Debug|x86.Build.0 = Debug|Win32
		{A6038148-E044-4FB5-8369-05D5C2A31EFC}.Release|x64.ActiveCfg = Release|x64
		{A6038148-E044-4FB5-8369-05D5C2A31EFC}.Release|x64.Build.0 = Release|x64
		{A6038148-E044-4FB5-8369-05D5C2A31EFC}.Release|x86.ActiveCfg = Release|Win32
		{A6038148-E044-4FB5-8369-05D5C2A31EFC}.Release|x86.Build.0 = Release|Win32
	EndGlobalSection
	GlobalSection(SolutionProperties) = preSolution
		HideSolutionNode = FALSE
	EndGlobalSection
	GlobalSection(ExtensibilityGlobals) = postSolution
		SolutionGuid = {0523D646-D50A-4AE7-9465-694A37B330C8}
	EndGlobalSection
EndGlobal
